{
  "name": "test",
  "version": "1.0.0",
  "lockfileVersion": 3,
  "requires": true,
  "packages": {
    "": {
      "name": "test",
      "version": "1.0.0",
      "license": "ISC",
      "dependencies": {
        "@oracularhades/rover": "file:.."
      }
    },
    "..": {
      "version": "1.0.85",
      "license": "Apache-2.0",
      "dependencies": {
        "hades-auth": "latest",
        "jose": "^5.6.2"
      }
    },
    "node_modules/@oracularhades/rover": {
      "resolved": "..",
      "link": true
    }
  }
}
